
Microsoft Visual Studio Solution File, Format Version 12.00
# Visual Studio Version 16
VisualStudioVersion = 16.0.30517.126
MinimumVisualStudioVersion = 10.0.40219.1
Project("{FAE04EC0-301F-11D3-BF4B-00C04F79EFBC}") = "VarijableVjezba3", "VarijableVjezba3.csproj", "{FC58127F-317A-4D40-934A-41279EE5C348}"
EndProject
Global
	GlobalSection(SolutionConfigurationPlatforms) = preSolution
		Debug|Any CPU = Debug|Any CPU
		Release|Any CPU = Release|Any CPU
	EndGlobalSection
	GlobalSection(ProjectConfigurationPlatforms) = postSolution
		{FC58127F-317A-4D40-934A-41279EE5C348}.Debug|Any CPU.ActiveCfg = Debug|Any CPU
		{FC58127F-317A-4D40-934A-41279EE5C348}.Debug|Any CPU.Build.0 = Debug|Any CPU
		{FC58127F-317A-4D40-934A-41279EE5C348}.Release|Any CPU.ActiveCfg = Release|Any CPU
		{FC58127F-317A-4D40-934A-41279EE5C348}.Release|Any CPU.Build.0 = Release|Any CPU
	EndGlobalSection
	GlobalSection(SolutionProperties) = preSolution
		HideSolutionNode = FALSE
	EndGlobalSection
	GlobalSection(ExtensibilityGlobals) = postSolution
		SolutionGuid = {756EBBB4-D08D-4AE4-960E-38677D069AF7}
	EndGlobalSection
EndGlobal
